<?xml version="1.0" encoding="utf-8"?>
<Project ToolsVersion="4.0" xmlns="http://schemas.microsoft.com/developer/msbuild/2003">
  <ItemGroup>
    <Filter Include="Source Files">
      <UniqueIdentifier>{4FC737F1-C7A5-4376-A066-2A32D752A2FF}</UniqueIdentifier>
      <Extensions>cpp;c;cc;cxx;c++;cppm;ixx;def;odl;idl;hpj;bat;asm;asmx</Extensions>
    </Filter>
    <Filter Include="Resource Files">
      <UniqueIdentifier>{67DA6AB6-F800-4c08-8B7A-83BB121AAD01}</UniqueIdentifier>
      <Extensions>rc;ico;cur;bmp;dlg;rc2;rct;bin;rgs;gif;jpg;jpeg;jpe;resx;tiff;tif;png;wav;mfcribbon-ms</Extensions>
    </Filter>
    <Filter Include="Assembler">
      <UniqueIdentifier>{1c4a9b0a-e2f6-4ef2-ad8a-763916736a3e}</UniqueIdentifier>
    </Filter>
    <Filter Include="VirtualMachine">
      <UniqueIdentifier>{164a917e-8b07-4a9d-bd40-d516d7ea5ea3}</UniqueIdentifier>
    </Filter>
  </ItemGroup>
  <ItemGroup>
    <ClCompile Include="Spearmint_VM.cpp">
      <Filter>Source Files</Filter>
    </ClCompile>
  </ItemGroup>
  <ItemGroup>
    <Text Include="Text.txt">
      <Filter>Resource Files</Filter>
    </Text>
    <Text Include="specs.txt">
      <Filter>Resource Files</Filter>
    </Text>
    <Text Include="sample.svm">
      <Filter>Resource Files</Filter>
    </Text>
  </ItemGroup>
  <ItemGroup>
    <ClInclude Include="AsmToken.h">
      <Filter>Assembler</Filter>
    </ClInclude>
    <ClInclude Include="svm.h">
      <Filter>VirtualMachine</Filter>
    </ClInclude>
    <ClInclude Include="svm_definitions.h">
      <Filter>VirtualMachine</Filter>
    </ClInclude>
    <ClInclude Include="svm_instructions.h">
      <Filter>VirtualMachine</Filter>
    </ClInclude>
    <ClInclude Include="assembler.h">
      <Filter>Assembler</Filter>
    </ClInclude>
  </ItemGroup>
  <ItemGroup>
    <None Include="example.svm">
      <Filter>Resource Files</Filter>
    </None>
    <None Include="sample.spm">
      <Filter>Resource Files</Filter>
    </None>
  </ItemGroup>
</Project>